
Microsoft Visual Studio Solution File, Format Version 12.00
# Visual Studio Version 17
VisualStudioVersion = 17.14.37111.16 d17.14
MinimumVisualStudioVersion = 10.0.40219.1
Project("{888888A0-9F3D-457C-B088-3A5042F75D52}") = "Confidant Ability Randomizer", "Confidant Ability Randomizer.pyproj", "{BE10990D-6B19-4C7A-B64E-6124E7A82546}"
EndProject
Global
	GlobalSection(SolutionConfigurationPlatforms) = preSolution
		Debug|Any CPU = Debug|Any CPU
		Release|Any CPU = Release|Any CPU
	EndGlobalSection
	GlobalSection(ProjectConfigurationPlatforms) = postSolution
		{BE10990D-6B19-4C7A-B64E-6124E7A82546}.Debug|Any CPU.ActiveCfg = Debug|Any CPU
		{BE10990D-6B19-4C7A-B64E-6124E7A82546}.Release|Any CPU.ActiveCfg = Release|Any CPU
	EndGlobalSection
	GlobalSection(SolutionProperties) = preSolution
		HideSolutionNode = FALSE
	EndGlobalSection
	GlobalSection(ExtensibilityGlobals) = postSolution
		SolutionGuid = {9D920E9F-6915-4D6E-A7E9-F5B51CEB6646}
	EndGlobalSection
EndGlobal
